// !$*UTF8*$!
{
	archiveVersion = 1;
	classes = {
	};
	objectVersion = 56;
	objects = {

/* Begin PBXBuildFile section */
		CE01220B2AB2E2A100D7E2A9 /* AppDelegate.swift in Sources */ = {isa = PBXBuildFile; fileRef = CE01220A2AB2E2A100D7E2A9 /* AppDelegate.swift */; };
		CE01220D2AB2E2A100D7E2A9 /* SceneDelegate.swift in Sources */ = {isa = PBXBuildFile; fileRef = CE01220C2AB2E2A100D7E2A9 /* SceneDelegate.swift */; };
		CE01220F2AB2E2A100D7E2A9 /* ViewController.swift in Sources */ = {isa = PBXBuildFile; fileRef = CE01220E2AB2E2A100D7E2A9 /* ViewController.swift */; };
		CE0122122AB2E2A100D7E2A9 /* Main.storyboard in Resources */ = {isa = PBXBuildFile; fileRef = CE0122102AB2E2A100D7E2A9 /* Main.storyboard */; };
		CE0122152AB2E2A100D7E2A9 /* ToDoList_CoreData.xcdatamodeld in Sources */ = {isa = PBXBuildFile; fileRef = CE0122132AB2E2A100D7E2A9 /* ToDoList_CoreData.xcdatamodeld */; };
		CE0122172AB2E2A500D7E2A9 /* Assets.xcassets in Resources */ = {isa = PBXBuildFile; fileRef = CE0122162AB2E2A500D7E2A9 /* Assets.xcassets */; };
		CE01221A2AB2E2A500D7E2A9 /* LaunchScreen.storyboard in Resources */ = {isa = PBXBuildFile; fileRef = CE0122182AB2E2A500D7E2A9 /* LaunchScreen.storyboard */; };
		CE0122232AB2E3C400D7E2A9 /* ToDoListItem+CoreDataClass.swift in Sources */ = {isa = PBXBuildFile; fileRef = CE0122212AB2E3C400D7E2A9 /* ToDoListItem+CoreDataClass.swift */; };
		CE0122242AB2E3C400D7E2A9 /* ToDoListItem+CoreDataProperties.swift in Sources */ = {isa = PBXBuildFile; fileRef = CE0122222AB2E3C400D7E2A9 /* ToDoListItem+CoreDataProperties.swift */; };
/* End PBXBuildFile section */

/* Begin PBXFileReference section */
		CE0122072AB2E2A100D7E2A9 /* ToDoList CoreData.app */ = {isa = PBXFileReference; explicitFileType = wrapper.application; includeInIndex = 0; path = "ToDoList CoreData.app"; sourceTree = BUILT_PRODUCTS_DIR; };
		CE01220A2AB2E2A100D7E2A9 /* AppDelegate.swift */ = {isa = PBXFileReference; lastKnownFileType = sourcecode.swift; path = AppDelegate.swift; sourceTree = "<group>"; };
		CE01220C2AB2E2A100D7E2A9 /* SceneDelegate.swift */ = {isa = PBXFileReference; lastKnownFileType = sourcecode.swift; path = SceneDelegate.swift; sourceTree = "<group>"; };
		CE01220E2AB2E2A100D7E2A9 /* ViewController.swift */ = {isa = PBXFileReference; lastKnownFileType = sourcecode.swift; path = ViewController.swift; sourceTree = "<group>"; };
		CE0122112AB2E2A100D7E2A9 /* Base */ = {isa = PBXFileReference; lastKnownFileType = file.storyboard; name = Base; path = Base.lproj/Main.storyboard; sourceTree = "<group>"; };
		CE0122142AB2E2A100D7E2A9 /* ToDoList_CoreData.xcdatamodel */ = {isa = PBXFileReference; lastKnownFileType = wrapper.xcdatamodel; path = ToDoList_CoreData.xcdatamodel; sourceTree = "<group>"; };
		CE0122162AB2E2A500D7E2A9 /* Assets.xcassets */ = {isa = PBXFileReference; lastKnownFileType = folder.assetcatalog; path = Assets.xcassets; sourceTree = "<group>"; };
		CE0122192AB2E2A500D7E2A9 /* Base */ = {isa = PBXFileReference; lastKnownFileType = file.storyboard; name = Base; path = Base.lproj/LaunchScreen.storyboard; sourceTree = "<group>"; };
		CE01221B2AB2E2A500D7E2A9 /* Info.plist */ = {isa = PBXFileReference; lastKnownFileType = text.plist.xml; path = Info.plist; sourceTree = "<group>"; };
		CE0122212AB2E3C400D7E2A9 /* ToDoListItem+CoreDataClass.swift */ = {isa = PBXFileReference; lastKnownFileType = sourcecode.swift; path = "ToDoListItem+CoreDataClass.swift"; sourceTree = "<group>"; };
		CE0122222AB2E3C400D7E2A9 /* ToDoListItem+CoreDataProperties.swift */ = {isa = PBXFileReference; lastKnownFileType = sourcecode.swift; path = "ToDoListItem+CoreDataProperties.swift"; sourceTree = "<group>"; };
/* End PBXFileReference section */

/* Begin PBXFrameworksBuildPhase section */
		CE0122042AB2E2A100D7E2A9 /* Frameworks */ = {
			isa = PBXFrameworksBuildPhase;
			buildActionMask = 2147483647;
			files = (
			);
			runOnlyForDeploymentPostprocessing = 0;
		};
/* End PBXFrameworksBuildPhase section */

/* Begin PBXGroup section */
		CE0121FE2AB2E2A100D7E2A9 = {
			isa = PBXGroup;
			children = (
				CE0122092AB2E2A100D7E2A9 /* ToDoList CoreData */,
				CE0122082AB2E2A100D7E2A9 /* Products */,
			);
			sourceTree = "<group>";
		};
		CE0122082AB2E2A100D7E2A9 /* Products */ = {
			isa = PBXGroup;
			children = (
				CE0122072AB2E2A100D7E2A9 /* ToDoList CoreData.app */,
			);
			name = Products;
			sourceTree = "<group>";
		};
		CE0122092AB2E2A100D7E2A9 /* ToDoList CoreData */ = {
			isa = PBXGroup;
			children = (
				CE0122252AB2E3FF00D7E2A9 /* ToDoListItem */,
				CE01220A2AB2E2A100D7E2A9 /* AppDelegate.swift */,
				CE01220C2AB2E2A100D7E2A9 /* SceneDelegate.swift */,
				CE01220E2AB2E2A100D7E2A9 /* ViewController.swift */,
				CE0122102AB2E2A100D7E2A9 /* Main.storyboard */,
				CE0122162AB2E2A500D7E2A9 /* Assets.xcassets */,
				CE0122182AB2E2A500D7E2A9 /* LaunchScreen.storyboard */,
				CE01221B2AB2E2A500D7E2A9 /* Info.plist */,
				CE0122132AB2E2A100D7E2A9 /* ToDoList_CoreData.xcdatamodeld */,
			);
			path = "ToDoList CoreData";
			sourceTree = "<group>";
		};
		CE0122252AB2E3FF00D7E2A9 /* ToDoListItem */ = {
			isa = PBXGroup;
			children = (
				CE0122212AB2E3C400D7E2A9 /* ToDoListItem+CoreDataClass.swift */,
				CE0122222AB2E3C400D7E2A9 /* ToDoListItem+CoreDataProperties.swift */,
			);
			path = ToDoListItem;
			sourceTree = "<group>";
		};
/* End PBXGroup section */

/* Begin PBXNativeTarget section */
		CE0122062AB2E2A100D7E2A9 /* ToDoList CoreData */ = {
			isa = PBXNativeTarget;
			buildConfigurationList = CE01221E2AB2E2A500D7E2A9 /* Build configuration list for PBXNativeTarget "ToDoList CoreData" */;
			buildPhases = (
				CE0122032AB2E2A100D7E2A9 /* Sources */,
				CE0122042AB2E2A100D7E2A9 /* Frameworks */,
				CE0122052AB2E2A100D7E2A9 /* Resources */,
			);
			buildRules = (
			);
			dependencies = (
			);
			name = "ToDoList CoreData";
			productName = "ToDoList CoreData";
			productReference = CE0122072AB2E2A100D7E2A9 /* ToDoList CoreData.app */;
			productType = "com.apple.product-type.application";
		};
/* End PBXNativeTarget section */

/* Begin PBXProject section */
		CE0121FF2AB2E2A100D7E2A9 /* Project object */ = {
			isa = PBXProject;
			attributes = {
				BuildIndependentTargetsInParallel = 1;
				LastSwiftUpdateCheck = 1430;
				LastUpgradeCheck = 1430;
				TargetAttributes = {
					CE0122062AB2E2A100D7E2A9 = {
						CreatedOnToolsVersion = 14.3.1;
					};
				};
			};
			buildConfigurationList = CE0122022AB2E2A100D7E2A9 /* Build configuration list for PBXProject "ToDoList CoreData" */;
			compatibilityVersion = "Xcode 14.0";
			developmentRegion = en;
			hasScannedForEncodings = 0;
			knownRegions = (
				en,
				Base,
			);
			mainGroup = CE0121FE2AB2E2A100D7E2A9;
			productRefGroup = CE0122082AB2E2A100D7E2A9 /* Products */;
			projectDirPath = "";
			projectRoot = "";
			targets = (
				CE0122062AB2E2A100D7E2A9 /* ToDoList CoreData */,
			);
		};
/* End PBXProject section */

/* Begin PBXResourcesBuildPhase section */
		CE0122052AB2E2A100D7E2A9 /* Resources */ = {
			isa = PBXResourcesBuildPhase;
			buildActionMask = 2147483647;
			files = (
				CE01221A2AB2E2A500D7E2A9 /* LaunchScreen.storyboard in Resources */,
				CE0122172AB2E2A500D7E2A9 /* Assets.xcassets in Resources */,
				CE0122122AB2E2A100D7E2A9 /* Main.storyboard in Resources */,
			);
			runOnlyForDeploymentPostprocessing = 0;
		};
/* End PBXResourcesBuildPhase section */

/* Begin PBXSourcesBuildPhase section */
		CE0122032AB2E2A100D7E2A9 /* Sources */ = {
			isa = PBXSourcesBuildPhase;
			buildActionMask = 2147483647;
			files = (
				CE01220F2AB2E2A100D7E2A9 /* ViewController.swift in Sources */,
				CE01220B2AB2E2A100D7E2A9 /* AppDelegate.swift in Sources */,
				CE0122152AB2E2A100D7E2A9 /* ToDoList_CoreData.xcdatamodeld in Sources */,
				CE0122232AB2E3C400D7E2A9 /* ToDoListItem+CoreDataClass.swift in Sources */,
				CE0122242AB2E3C400D7E2A9 /* ToDoListItem+CoreDataProperties.swift in Sources */,
				CE01220D2AB2E2A100D7E2A9 /* SceneDelegate.swift in Sources */,
			);
			runOnlyForDeploymentPostprocessing = 0;
		};
/* End PBXSourcesBuildPhase section */

/* Begin PBXVariantGroup section */
		CE0122102AB2E2A100D7E2A9 /* Main.storyboard */ = {
			isa = PBXVariantGroup;
			children = (
				CE0122112AB2E2A100D7E2A9 /* Base */,
			);
			name = Main.storyboard;
			sourceTree = "<group>";
		};
		CE0122182AB2E2A500D7E2A9 /* LaunchScreen.storyboard */ = {
			isa = PBXVariantGroup;
			children = (
				CE0122192AB2E2A500D7E2A9 /* Base */,
			);
			name = LaunchScreen.storyboard;
			sourceTree = "<group>";
		};
/* End PBXVariantGroup section */

/* Begin XCBuildConfiguration section */
		CE01221C2AB2E2A500D7E2A9 /* Debug */ = {
			isa = XCBuildConfiguration;
			buildSettings = {
				ALWAYS_SEARCH_USER_PATHS = NO;
				CLANG_ANALYZER_NONNULL = YES;
				CLANG_ANALYZER_NUMBER_OBJECT_CONVERSION = YES_AGGRESSIVE;
				CLANG_CXX_LANGUAGE_STANDARD = "gnu++20";
				CLANG_ENABLE_MODULES = YES;
				CLANG_ENABLE_OBJC_ARC = YES;
				CLANG_ENABLE_OBJC_WEAK = YES;
				CLANG_WARN_BLOCK_CAPTURE_AUTORELEASING = YES;
				CLANG_WARN_BOOL_CONVERSION = YES;
				CLANG_WARN_COMMA = YES;
				CLANG_WARN_CONSTANT_CONVERSION = YES;
				CLANG_WARN_DEPRECATED_OBJC_IMPLEMENTATIONS = YES;
				CLANG_WARN_DIRECT_OBJC_ISA_USAGE = YES_ERROR;
				CLANG_WARN_DOCUMENTATION_COMMENTS = YES;
				CLANG_WARN_EMPTY_BODY = YES;
				CLANG_WARN_ENUM_CONVERSION = YES;
				CLANG_WARN_INFINITE_RECURSION = YES;
				CLANG_WARN_INT_CONVERSION = YES;
				CLANG_WARN_NON_LITERAL_NULL_CONVERSION = YES;
				CLANG_WARN_OBJC_IMPLICIT_RETAIN_SELF = YES;
				CLANG_WARN_OBJC_LITERAL_CONVERSION = YES;
				CLANG_WARN_OBJC_ROOT_CLASS = YES_ERROR;
				CLANG_WARN_QUOTED_INCLUDE_IN_FRAMEWORK_HEADER = YES;
				CLANG_WARN_RANGE_LOOP_ANALYSIS = YES;
				CLANG_WARN_STRICT_PROTOTYPES = YES;
				CLANG_WARN_SUSPICIOUS_MOVE = YES;
				CLANG_WARN_UNGUARDED_AVAILABILITY = YES_AGGRESSIVE;
				CLANG_WARN_UNREACHABLE_CODE = YES;
				CLANG_WARN__DUPLICATE_METHOD_MATCH = YES;
				COPY_PHASE_STRIP = NO;
				DEBUG_INFORMATION_FORMAT = dwarf;
				ENABLE_STRICT_OBJC_MSGSEND = YES;
				ENABLE_TESTABILITY = YES;
				GCC_C_LANGUAGE_STANDARD = gnu11;
				GCC_DYNAMIC_NO_PIC = NO;
				GCC_NO_COMMON_BLOCKS = YES;
				GCC_OPTIMIZATION_LEVEL = 0;
				GCC_PREPROCESSOR_DEFINITIONS = (
					"DEBUG=1",
					"$(inherited)",
				);
				GCC_WARN_64_TO_32_BIT_CONVERSION = YES;
				GCC_WARN_ABOUT_RETURN_TYPE = YES_ERROR;
				GCC_WARN_UNDECLARED_SELECTOR = YES;
				GCC_WARN_UNINITIALIZED_AUTOS = YES_AGGRESSIVE;
				GCC_WARN_UNUSED_FUNCTION = YES;
				GCC_WARN_UNUSED_VARIABLE = YES;
				IPHONEOS_DEPLOYMENT_TARGET = 16.4;
				MTL_ENABLE_DEBUG_INFO = INCLUDE_SOURCE;
				MTL_FAST_MATH = YES;
				ONLY_ACTIVE_ARCH = YES;
				SDKROOT = iphoneos;
				SWIFT_ACTIVE_COMPILATION_CONDITIONS = DEBUG;
				SWIFT_OPTIMIZATION_LEVEL = "-Onone";
			};
			name = Debug;
		};
		CE01221D2AB2E2A500D7E2A9 /* Release */ = {
			isa = XCBuildConfiguration;
			buildSettings = {
				ALWAYS_SEARCH_USER_PATHS = NO;
				CLANG_ANALYZER_NONNULL = YES;
				CLANG_ANALYZER_NUMBER_OBJECT_CONVERSION = YES_AGGRESSIVE;
				CLANG_CXX_LANGUAGE_STANDARD = "gnu++20";
				CLANG_ENABLE_MODULES = YES;
				CLANG_ENABLE_OBJC_ARC = YES;
				CLANG_ENABLE_OBJC_WEAK = YES;
				CLANG_WARN_BLOCK_CAPTURE_AUTORELEASING = YES;
				CLANG_WARN_BOOL_CONVERSION = YES;
				CLANG_WARN_COMMA = YES;
				CLANG_WARN_CONSTANT_CONVERSION = YES;
				CLANG_WARN_DEPRECATED_OBJC_IMPLEMENTATIONS = YES;
				CLANG_WARN_DIRECT_OBJC_ISA_USAGE = YES_ERROR;
				CLANG_WARN_DOCUMENTATION_COMMENTS = YES;
				CLANG_WARN_EMPTY_BODY = YES;
				CLANG_WARN_ENUM_CONVERSION = YES;
				CLANG_WARN_INFINITE_RECURSION = YES;
				CLANG_WARN_INT_CONVERSION = YES;
				CLANG_WARN_NON_LITERAL_NULL_CONVERSION = YES;
				CLANG_WARN_OBJC_IMPLICIT_RETAIN_SELF = YES;
				CLANG_WARN_OBJC_LITERAL_CONVERSION = YES;
				CLANG_WARN_OBJC_ROOT_CLASS = YES_ERROR;
				CLANG_WARN_QUOTED_INCLUDE_IN_FRAMEWORK_HEADER = YES;
				CLANG_WARN_RANGE_LOOP_ANALYSIS = YES;
				CLANG_WARN_STRICT_PROTOTYPES = YES;
				CLANG_WARN_SUSPICIOUS_MOVE = YES;
				CLANG_WARN_UNGUARDED_AVAILABILITY = YES_AGGRESSIVE;
				CLANG_WARN_UNREACHABLE_CODE = YES;
				CLANG_WARN__DUPLICATE_METHOD_MATCH = YES;
				COPY_PHASE_STRIP = NO;
				DEBUG_INFORMATION_FORMAT = "dwarf-with-dsym";
				ENABLE_NS_ASSERTIONS = NO;
				ENABLE_STRICT_OBJC_MSGSEND = YES;
				GCC_C_LANGUAGE_STANDARD = gnu11;
				GCC_NO_COMMON_BLOCKS = YES;
				GCC_WARN_64_TO_32_BIT_CONVERSION = YES;
				GCC_WARN_ABOUT_RETURN_TYPE = YES_ERROR;
				GCC_WARN_UNDECLARED_SELECTOR = YES;
				GCC_WARN_UNINITIALIZED_AUTOS = YES_AGGRESSIVE;
				GCC_WARN_UNUSED_FUNCTION = YES;
				GCC_WARN_UNUSED_VARIABLE = YES;
				IPHONEOS_DEPLOYMENT_TARGET = 16.4;
				MTL_ENABLE_DEBUG_INFO = NO;
				MTL_FAST_MATH = YES;
				SDKROOT = iphoneos;
				SWIFT_COMPILATION_MODE = wholemodule;
				SWIFT_OPTIMIZATION_LEVEL = "-O";
				VALIDATE_PRODUCT = YES;
			};
			name = Release;
		};
		CE01221F2AB2E2A500D7E2A9 /* Debug */ = {
			isa = XCBuildConfiguration;
			buildSettings = {
				ASSETCATALOG_COMPILER_APPICON_NAME = AppIcon;
				ASSETCATALOG_COMPILER_GLOBAL_ACCENT_COLOR_NAME = AccentColor;
				CODE_SIGN_STYLE = Automatic;
				CURRENT_PROJECT_VERSION = 1;
				DEVELOPMENT_TEAM = FG6ULCJBP4;
				GENERATE_INFOPLIST_FILE = YES;
				INFOPLIST_FILE = "ToDoList CoreData/Info.plist";
				INFOPLIST_KEY_UIApplicationSupportsIndirectInputEvents = YES;
				INFOPLIST_KEY_UILaunchStoryboardName = LaunchScreen;
				INFOPLIST_KEY_UIMainStoryboardFile = Main;
				INFOPLIST_KEY_UISupportedInterfaceOrientations_iPad = "UIInterfaceOrientationPortrait UIInterfaceOrientationPortraitUpsideDown UIInterfaceOrientationLandscapeLeft UIInterfaceOrientationLandscapeRight";
				INFOPLIST_KEY_UISupportedInterfaceOrientations_iPhone = "UIInterfaceOrientationPortrait UIInterfaceOrientationLandscapeLeft UIInterfaceOrientationLandscapeRight";
				LD_RUNPATH_SEARCH_PATHS = (
					"$(inherited)",
					"@executable_path/Frameworks",
				);
				MARKETING_VERSION = 1.0;
				PRODUCT_BUNDLE_IDENTIFIER = "com.nezukowashere.ToDoList-CoreData";
				PRODUCT_NAME = "$(TARGET_NAME)";
				SWIFT_EMIT_LOC_STRINGS = YES;
				SWIFT_VERSION = 5.0;
				TARGETED_DEVICE_FAMILY = "1,2";
			};
			name = Debug;
		};
		CE0122202AB2E2A500D7E2A9 /* Release */ = {
			isa = XCBuildConfiguration;
			buildSettings = {
				ASSETCATALOG_COMPILER_APPICON_NAME = AppIcon;
				ASSETCATALOG_COMPILER_GLOBAL_ACCENT_COLOR_NAME = AccentColor;
				CODE_SIGN_STYLE = Automatic;
				CURRENT_PROJECT_VERSION = 1;
				DEVELOPMENT_TEAM = FG6ULCJBP4;
				GENERATE_INFOPLIST_FILE = YES;
				INFOPLIST_FILE = "ToDoList CoreData/Info.plist";
				INFOPLIST_KEY_UIApplicationSupportsIndirectInputEvents = YES;
				INFOPLIST_KEY_UILaunchStoryboardName = LaunchScreen;
				INFOPLIST_KEY_UIMainStoryboardFile = Main;
				INFOPLIST_KEY_UISupportedInterfaceOrientations_iPad = "UIInterfaceOrientationPortrait UIInterfaceOrientationPortraitUpsideDown UIInterfaceOrientationLandscapeLeft UIInterfaceOrientationLandscapeRight";
				INFOPLIST_KEY_UISupportedInterfaceOrientations_iPhone = "UIInterfaceOrientationPortrait UIInterfaceOrientationLandscapeLeft UIInterfaceOrientationLandscapeRight";
				LD_RUNPATH_SEARCH_PATHS = (
					"$(inherited)",
					"@executable_path/Frameworks",
				);
				MARKETING_VERSION = 1.0;
				PRODUCT_BUNDLE_IDENTIFIER = "com.nezukowashere.ToDoList-CoreData";
				PRODUCT_NAME = "$(TARGET_NAME)";
				SWIFT_EMIT_LOC_STRINGS = YES;
				SWIFT_VERSION = 5.0;
				TARGETED_DEVICE_FAMILY = "1,2";
			};
			name = Release;
		};
/* End XCBuildConfiguration section */

/* Begin XCConfigurationList section */
		CE0122022AB2E2A100D7E2A9 /* Build configuration list for PBXProject "ToDoList CoreData" */ = {
			isa = XCConfigurationList;
			buildConfigurations = (
				CE01221C2AB2E2A500D7E2A9 /* Debug */,
				CE01221D2AB2E2A500D7E2A9 /* Release */,
			);
			defaultConfigurationIsVisible = 0;
			defaultConfigurationName = Release;
		};
		CE01221E2AB2E2A500D7E2A9 /* Build configuration list for PBXNativeTarget "ToDoList CoreData" */ = {
			isa = XCConfigurationList;
			buildConfigurations = (
				CE01221F2AB2E2A500D7E2A9 /* Debug */,
				CE0122202AB2E2A500D7E2A9 /* Release */,
			);
			defaultConfigurationIsVisible = 0;
			defaultConfigurationName = Release;
		};
/* End XCConfigurationList section */

/* Begin XCVersionGroup section */
		CE0122132AB2E2A100D7E2A9 /* ToDoList_CoreData.xcdatamodeld */ = {
			isa = XCVersionGroup;
			children = (
				CE0122142AB2E2A100D7E2A9 /* ToDoList_CoreData.xcdatamodel */,
			);
			currentVersion = CE0122142AB2E2A100D7E2A9 /* ToDoList_CoreData.xcdatamodel */;
			path = ToDoList_CoreData.xcdatamodeld;
			sourceTree = "<group>";
			versionGroupType = wrapper.xcdatamodel;
		};
/* End XCVersionGroup section */
	};
	rootObject = CE0121FF2AB2E2A100D7E2A9 /* Project object */;
}
